
Microsoft Visual Studio Solution File, Format Version 12.00
# Visual Studio Version 17
VisualStudioVersion = 17.8.34322.80
MinimumVisualStudioVersion = 10.0.40219.1
Project("{9092AA53-FB77-4645-B42D-1CCCA6BD08BD}") = "standalonetypescript_test", "standalonetypescript_test\standalonetypescript_test.njsproj", "{47C8E9E3-8D2D-4F91-8F96-82C7547BE244}"
EndProject
Project("{54A90642-561A-4BB1-A94E-469ADEE60C69}") = "StandaloneTypescript_Vite", "StandaloneTypescript_Vite\StandaloneTypescript_Vite.esproj", "{F8C2E492-BC2F-4A08-93CE-A5573E99E753}"
EndProject
Project("{54A90642-561A-4BB1-A94E-469ADEE60C69}") = "StandaloneTypescript_Webpack", "StandaloneTypescript_Webpack\StandaloneTypescript_Webpack.esproj", "{3D597A99-6800-473F-AB1F-7977FD951C5D}"
EndProject
Global
	GlobalSection(SolutionConfigurationPlatforms) = preSolution
		Debug|Any CPU = Debug|Any CPU
		Release|Any CPU = Release|Any CPU
	EndGlobalSection
	GlobalSection(ProjectConfigurationPlatforms) = postSolution
		{47C8E9E3-8D2D-4F91-8F96-82C7547BE244}.Debug|Any CPU.ActiveCfg = Debug|Any CPU
		{47C8E9E3-8D2D-4F91-8F96-82C7547BE244}.Debug|Any CPU.Build.0 = Debug|Any CPU
		{47C8E9E3-8D2D-4F91-8F96-82C7547BE244}.Release|Any CPU.ActiveCfg = Release|Any CPU
		{47C8E9E3-8D2D-4F91-8F96-82C7547BE244}.Release|Any CPU.Build.0 = Release|Any CPU
		{F8C2E492-BC2F-4A08-93CE-A5573E99E753}.Debug|Any CPU.ActiveCfg = Debug|Any CPU
		{F8C2E492-BC2F-4A08-93CE-A5573E99E753}.Debug|Any CPU.Build.0 = Debug|Any CPU
		{F8C2E492-BC2F-4A08-93CE-A5573E99E753}.Debug|Any CPU.Deploy.0 = Debug|Any CPU
		{F8C2E492-BC2F-4A08-93CE-A5573E99E753}.Release|Any CPU.ActiveCfg = Release|Any CPU
		{F8C2E492-BC2F-4A08-93CE-A5573E99E753}.Release|Any CPU.Build.0 = Release|Any CPU
		{F8C2E492-BC2F-4A08-93CE-A5573E99E753}.Release|Any CPU.Deploy.0 = Release|Any CPU
		{3D597A99-6800-473F-AB1F-7977FD951C5D}.Debug|Any CPU.ActiveCfg = Debug|Any CPU
		{3D597A99-6800-473F-AB1F-7977FD951C5D}.Debug|Any CPU.Build.0 = Debug|Any CPU
		{3D597A99-6800-473F-AB1F-7977FD951C5D}.Debug|Any CPU.Deploy.0 = Debug|Any CPU
		{3D597A99-6800-473F-AB1F-7977FD951C5D}.Release|Any CPU.ActiveCfg = Release|Any CPU
		{3D597A99-6800-473F-AB1F-7977FD951C5D}.Release|Any CPU.Build.0 = Release|Any CPU
		{3D597A99-6800-473F-AB1F-7977FD951C5D}.Release|Any CPU.Deploy.0 = Release|Any CPU
	EndGlobalSection
	GlobalSection(SolutionProperties) = preSolution
		HideSolutionNode = FALSE
	EndGlobalSection
	GlobalSection(ExtensibilityGlobals) = postSolution
		SolutionGuid = {AF75D327-7217-4797-8AA8-2EC8B4D94471}
	EndGlobalSection
EndGlobal
